
Microsoft Visual Studio Solution File, Format Version 11.00
# Visual Studio 2010
Project("{8BC9CEB8-8B4A-11D0-8D11-00A0C91BC942}") = "kshell", "kshell.vcxproj", "{CD4D0448-BBB3-491A-8736-BA78350D110C}"
EndProject
Project("{8BC9CEB8-8B4A-11D0-8D11-00A0C91BC942}") = "my_bundle", "my_bundle.vcxproj", "{2AE90FFB-F881-454A-A58D-00E23F371091}"
EndProject
Project("{8BC9CEB8-8B4A-11D0-8D11-00A0C91BC942}") = "caller_bundle", "caller_bundle.vcxproj", "{67B4FC4A-B4D9-421E-BCB6-46A915B1690C}"
EndProject
Global
	GlobalSection(SolutionConfigurationPlatforms) = preSolution
		Debug|Win32 = Debug|Win32
		Release|Win32 = Release|Win32
	EndGlobalSection
	GlobalSection(ProjectConfigurationPlatforms) = postSolution
		{CD4D0448-BBB3-491A-8736-BA78350D110C}.Debug|Win32.ActiveCfg = Debug|Win32
		{CD4D0448-BBB3-491A-8736-BA78350D110C}.Debug|Win32.Build.0 = Debug|Win32
		{CD4D0448-BBB3-491A-8736-BA78350D110C}.Release|Win32.ActiveCfg = Release|Win32
		{CD4D0448-BBB3-491A-8736-BA78350D110C}.Release|Win32.Build.0 = Release|Win32
		{2AE90FFB-F881-454A-A58D-00E23F371091}.Debug|Win32.ActiveCfg = Debug|Win32
		{2AE90FFB-F881-454A-A58D-00E23F371091}.Debug|Win32.Build.0 = Debug|Win32
		{2AE90FFB-F881-454A-A58D-00E23F371091}.Release|Win32.ActiveCfg = Release|Win32
		{2AE90FFB-F881-454A-A58D-00E23F371091}.Release|Win32.Build.0 = Release|Win32
		{67B4FC4A-B4D9-421E-BCB6-46A915B1690C}.Debug|Win32.ActiveCfg = Debug|Win32
		{67B4FC4A-B4D9-421E-BCB6-46A915B1690C}.Debug|Win32.Build.0 = Debug|Win32
		{67B4FC4A-B4D9-421E-BCB6-46A915B1690C}.Release|Win32.ActiveCfg = Release|Win32
		{67B4FC4A-B4D9-421E-BCB6-46A915B1690C}.Release|Win32.Build.0 = Release|Win32
	EndGlobalSection
	GlobalSection(SolutionProperties) = preSolution
		HideSolutionNode = FALSE
	EndGlobalSection
EndGlobal
